{
    "version": 3,
    "terraform_version": "0.11.10",
    "serial": 2,
    "lineage": "19a5f6ca-c6ee-14c1-3638-86f316adb67c",
    "modules": [
        {
            "path": [
                "root"
            ],
            "outputs": {
                "vmss_public_ip": {
                    "sensitive": false,
                    "type": "string",
                    "value": "gqjxbu.eastus.cloudapp.azure.com"
                }
            },
            "resources": {
                "azurerm_lb.vmss": {
                    "type": "azurerm_lb",
                    "depends_on": [
                        "azurerm_public_ip.vmss",
                        "azurerm_resource_group.vmss"
                    ],
                    "primary": {
                        "id": "/subscriptions/01b14a6a-401e-4a96-87d7-76265c489bd3/resourceGroups/paidGroup1/providers/Microsoft.Network/loadBalancers/vmss-lb",
                        "attributes": {
                            "frontend_ip_configuration.#": "1",
                            "frontend_ip_configuration.0.inbound_nat_rules.#": "0",
                            "frontend_ip_configuration.0.load_balancer_rules.#": "0",
                            "frontend_ip_configuration.0.name": "PublicIPAddress",
                            "frontend_ip_configuration.0.outbound_rules.#": "0",
                            "frontend_ip_configuration.0.private_ip_address": "",
                            "frontend_ip_configuration.0.private_ip_address_allocation": "Dynamic",
                            "frontend_ip_configuration.0.public_ip_address_id": "/subscriptions/01b14a6a-401e-4a96-87d7-76265c489bd3/resourceGroups/paidGroup1/providers/Microsoft.Network/publicIPAddresses/vmss-public-ip",
                            "frontend_ip_configuration.0.public_ip_prefix_id": "",
                            "frontend_ip_configuration.0.subnet_id": "",
                            "frontend_ip_configuration.0.zones.#": "0",
                            "id": "/subscriptions/01b14a6a-401e-4a96-87d7-76265c489bd3/resourceGroups/paidGroup1/providers/Microsoft.Network/loadBalancers/vmss-lb",
                            "location": "eastus",
                            "name": "vmss-lb",
                            "private_ip_address": "",
                            "private_ip_addresses.#": "0",
                            "resource_group_name": "paidGroup1",
                            "sku": "Basic",
                            "tags.%": "1",
                            "tags.environment": "codelab"
                        },
                        "meta": {},
                        "tainted": false
                    },
                    "deposed": [],
                    "provider": "provider.azurerm"
                },
                "azurerm_lb_backend_address_pool.bpepool": {
                    "type": "azurerm_lb_backend_address_pool",
                    "depends_on": [
                        "azurerm_lb.vmss",
                        "azurerm_resource_group.vmss"
                    ],
                    "primary": {
                        "id": "/subscriptions/01b14a6a-401e-4a96-87d7-76265c489bd3/resourceGroups/paidGroup1/providers/Microsoft.Network/loadBalancers/vmss-lb/backendAddressPools/BackEndAddressPool",
                        "attributes": {
                            "backend_ip_configurations.#": "0",
                            "id": "/subscriptions/01b14a6a-401e-4a96-87d7-76265c489bd3/resourceGroups/paidGroup1/providers/Microsoft.Network/loadBalancers/vmss-lb/backendAddressPools/BackEndAddressPool",
                            "load_balancing_rules.#": "0",
                            "loadbalancer_id": "/subscriptions/01b14a6a-401e-4a96-87d7-76265c489bd3/resourceGroups/paidGroup1/providers/Microsoft.Network/loadBalancers/vmss-lb",
                            "name": "BackEndAddressPool",
                            "resource_group_name": "paidGroup1"
                        },
                        "meta": {},
                        "tainted": false
                    },
                    "deposed": [],
                    "provider": "provider.azurerm"
                },
                "azurerm_lb_probe.vmss": {
                    "type": "azurerm_lb_probe",
                    "depends_on": [
                        "azurerm_lb.vmss",
                        "azurerm_resource_group.vmss"
                    ],
                    "primary": {
                        "id": "/subscriptions/01b14a6a-401e-4a96-87d7-76265c489bd3/resourceGroups/paidGroup1/providers/Microsoft.Network/loadBalancers/vmss-lb/probes/ssh-running-probe",
                        "attributes": {
                            "id": "/subscriptions/01b14a6a-401e-4a96-87d7-76265c489bd3/resourceGroups/paidGroup1/providers/Microsoft.Network/loadBalancers/vmss-lb/probes/ssh-running-probe",
                            "interval_in_seconds": "15",
                            "load_balancer_rules.#": "0",
                            "loadbalancer_id": "/subscriptions/01b14a6a-401e-4a96-87d7-76265c489bd3/resourceGroups/paidGroup1/providers/Microsoft.Network/loadBalancers/vmss-lb",
                            "name": "ssh-running-probe",
                            "number_of_probes": "2",
                            "port": "22",
                            "protocol": "Tcp",
                            "request_path": "",
                            "resource_group_name": "paidGroup1"
                        },
                        "meta": {},
                        "tainted": false
                    },
                    "deposed": [],
                    "provider": "provider.azurerm"
                },
                "azurerm_lb_rule.lbnatrule": {
                    "type": "azurerm_lb_rule",
                    "depends_on": [
                        "azurerm_lb.vmss",
                        "azurerm_lb_backend_address_pool.bpepool",
                        "azurerm_lb_probe.vmss",
                        "azurerm_resource_group.vmss"
                    ],
                    "primary": {
                        "id": "/subscriptions/01b14a6a-401e-4a96-87d7-76265c489bd3/resourceGroups/paidGroup1/providers/Microsoft.Network/loadBalancers/vmss-lb/loadBalancingRules/ssh",
                        "attributes": {
                            "backend_address_pool_id": "/subscriptions/01b14a6a-401e-4a96-87d7-76265c489bd3/resourceGroups/paidGroup1/providers/Microsoft.Network/loadBalancers/vmss-lb/backendAddressPools/BackEndAddressPool",
                            "backend_port": "22",
                            "disable_outbound_snat": "false",
                            "enable_floating_ip": "false",
                            "frontend_ip_configuration_id": "/subscriptions/01b14a6a-401e-4a96-87d7-76265c489bd3/resourceGroups/paidGroup1/providers/Microsoft.Network/loadBalancers/vmss-lb/frontendIPConfigurations/PublicIPAddress",
                            "frontend_ip_configuration_name": "PublicIPAddress",
                            "frontend_port": "22",
                            "id": "/subscriptions/01b14a6a-401e-4a96-87d7-76265c489bd3/resourceGroups/paidGroup1/providers/Microsoft.Network/loadBalancers/vmss-lb/loadBalancingRules/ssh",
                            "idle_timeout_in_minutes": "4",
                            "load_distribution": "Default",
                            "loadbalancer_id": "/subscriptions/01b14a6a-401e-4a96-87d7-76265c489bd3/resourceGroups/paidGroup1/providers/Microsoft.Network/loadBalancers/vmss-lb",
                            "name": "ssh",
                            "probe_id": "/subscriptions/01b14a6a-401e-4a96-87d7-76265c489bd3/resourceGroups/paidGroup1/providers/Microsoft.Network/loadBalancers/vmss-lb/probes/ssh-running-probe",
                            "protocol": "Tcp",
                            "resource_group_name": "paidGroup1"
                        },
                        "meta": {},
                        "tainted": false
                    },
                    "deposed": [],
                    "provider": "provider.azurerm"
                },
                "azurerm_public_ip.vmss": {
                    "type": "azurerm_public_ip",
                    "depends_on": [
                        "azurerm_resource_group.vmss",
                        "random_string.fqdn"
                    ],
                    "primary": {
                        "id": "/subscriptions/01b14a6a-401e-4a96-87d7-76265c489bd3/resourceGroups/paidGroup1/providers/Microsoft.Network/publicIPAddresses/vmss-public-ip",
                        "attributes": {
                            "allocation_method": "Static",
                            "domain_name_label": "gqjxbu",
                            "fqdn": "gqjxbu.eastus.cloudapp.azure.com",
                            "id": "/subscriptions/01b14a6a-401e-4a96-87d7-76265c489bd3/resourceGroups/paidGroup1/providers/Microsoft.Network/publicIPAddresses/vmss-public-ip",
                            "idle_timeout_in_minutes": "4",
                            "ip_address": "40.114.82.74",
                            "ip_version": "IPv4",
                            "location": "eastus",
                            "name": "vmss-public-ip",
                            "public_ip_address_allocation": "Static",
                            "resource_group_name": "paidGroup1",
                            "reverse_fqdn": "",
                            "sku": "Basic",
                            "tags.%": "1",
                            "tags.environment": "codelab",
                            "zones.#": "0"
                        },
                        "meta": {},
                        "tainted": false
                    },
                    "deposed": [],
                    "provider": "provider.azurerm"
                },
                "azurerm_resource_group.vmss": {
                    "type": "azurerm_resource_group",
                    "depends_on": [],
                    "primary": {
                        "id": "/subscriptions/01b14a6a-401e-4a96-87d7-76265c489bd3/resourceGroups/paidGroup1",
                        "attributes": {
                            "id": "/subscriptions/01b14a6a-401e-4a96-87d7-76265c489bd3/resourceGroups/paidGroup1",
                            "location": "eastus",
                            "name": "paidGroup1",
                            "tags.%": "1",
                            "tags.environment": "codelab"
                        },
                        "meta": {},
                        "tainted": false
                    },
                    "deposed": [],
                    "provider": "provider.azurerm"
                },
                "azurerm_subnet.vmss": {
                    "type": "azurerm_subnet",
                    "depends_on": [
                        "azurerm_resource_group.vmss",
                        "azurerm_virtual_network.vmss"
                    ],
                    "primary": {
                        "id": "/subscriptions/01b14a6a-401e-4a96-87d7-76265c489bd3/resourceGroups/paidGroup1/providers/Microsoft.Network/virtualNetworks/vmss-vnet/subnets/vmss-subnet",
                        "attributes": {
                            "address_prefix": "10.2.1.0/24",
                            "delegation.#": "0",
                            "id": "/subscriptions/01b14a6a-401e-4a96-87d7-76265c489bd3/resourceGroups/paidGroup1/providers/Microsoft.Network/virtualNetworks/vmss-vnet/subnets/vmss-subnet",
                            "ip_configurations.#": "0",
                            "name": "vmss-subnet",
                            "network_security_group_id": "",
                            "resource_group_name": "paidGroup1",
                            "route_table_id": "",
                            "service_endpoints.#": "0",
                            "virtual_network_name": "vmss-vnet"
                        },
                        "meta": {},
                        "tainted": false
                    },
                    "deposed": [],
                    "provider": "provider.azurerm"
                },
                "azurerm_virtual_machine_scale_set.vmss": {
                    "type": "azurerm_virtual_machine_scale_set",
                    "depends_on": [
                        "azurerm_lb_backend_address_pool.bpepool",
                        "azurerm_resource_group.vmss",
                        "azurerm_subnet.vmss"
                    ],
                    "primary": {
                        "id": "/subscriptions/01b14a6a-401e-4a96-87d7-76265c489bd3/resourceGroups/paidGroup1/providers/Microsoft.Compute/virtualMachineScaleSets/vmscaleset",
                        "attributes": {
                            "automatic_os_upgrade": "false",
                            "eviction_policy": "",
                            "extension.#": "1",
                            "extension.3215249245.auto_upgrade_minor_version": "false",
                            "extension.3215249245.name": "AADLoginForLinux",
                            "extension.3215249245.protected_settings": "",
                            "extension.3215249245.provision_after_extensions.#": "0",
                            "extension.3215249245.publisher": "Microsoft.Azure.ActiveDirectory.LinuxSSH",
                            "extension.3215249245.settings": "",
                            "extension.3215249245.type": "AADLoginForLinux",
                            "extension.3215249245.type_handler_version": "1.0",
                            "id": "/subscriptions/01b14a6a-401e-4a96-87d7-76265c489bd3/resourceGroups/paidGroup1/providers/Microsoft.Compute/virtualMachineScaleSets/vmscaleset",
                            "identity.#": "0",
                            "license_type": "",
                            "location": "eastus",
                            "name": "vmscaleset",
                            "network_profile.#": "1",
                            "network_profile.2257250743.accelerated_networking": "false",
                            "network_profile.2257250743.dns_settings.#": "1",
                            "network_profile.2257250743.dns_settings.0.dns_servers.#": "0",
                            "network_profile.2257250743.ip_configuration.#": "1",
                            "network_profile.2257250743.ip_configuration.0.application_gateway_backend_address_pool_ids.#": "0",
                            "network_profile.2257250743.ip_configuration.0.application_security_group_ids.#": "0",
                            "network_profile.2257250743.ip_configuration.0.load_balancer_backend_address_pool_ids.#": "1",
                            "network_profile.2257250743.ip_configuration.0.load_balancer_backend_address_pool_ids.2331340815": "/subscriptions/01b14a6a-401e-4a96-87d7-76265c489bd3/resourceGroups/paidGroup1/providers/Microsoft.Network/loadBalancers/vmss-lb/backendAddressPools/BackEndAddressPool",
                            "network_profile.2257250743.ip_configuration.0.load_balancer_inbound_nat_rules_ids.#": "0",
                            "network_profile.2257250743.ip_configuration.0.name": "IPConfiguration",
                            "network_profile.2257250743.ip_configuration.0.primary": "true",
                            "network_profile.2257250743.ip_configuration.0.public_ip_address_configuration.#": "0",
                            "network_profile.2257250743.ip_configuration.0.subnet_id": "/subscriptions/01b14a6a-401e-4a96-87d7-76265c489bd3/resourceGroups/paidGroup1/providers/Microsoft.Network/virtualNetworks/vmss-vnet/subnets/vmss-subnet",
                            "network_profile.2257250743.ip_forwarding": "false",
                            "network_profile.2257250743.name": "terraformnetworkprofile",
                            "network_profile.2257250743.network_security_group_id": "",
                            "network_profile.2257250743.primary": "true",
                            "os_profile.#": "1",
                            "os_profile.0.admin_password": "Azure12345678$",
                            "os_profile.0.admin_username": "clouduser",
                            "os_profile.0.computer_name_prefix": "vmlab",
                            "os_profile.0.custom_data": "IyEvYmluL2Jhc2gKdG91Y2ggL3RtcC9maWxlMS50eHQKc3VkbyBzbmFwIGluc3RhbGwgZG9ja2VyCnN1ZG8gY3VybCAtc0wgaHR0cHM6Ly9ha2EubXMvSW5zdGFsbEF6dXJlQ0xJRGViIHwgc3VkbyBiYXNoCmVjaG8gZXhwb3J0IEFSTV9DTElFTlRfSUQ9XCIzZDU4NzI3My1kY2FjLTQ3ZjEtYjcxNC03MmYyNDRjNjdjNTJcIiA+PiAvaG9tZS8iY2xvdWR1c2VyIi8uYmFzaF9wcm9maWxlCmVjaG8gZXhwb3J0IEFSTV9DTElFTlRfU0VDUkVUPVwiOGVjM2EyMGMtZTU1ZS00MzQxLWFiZWMtMjhkNTdlYWIzYmUxXCIgPj4gL2hvbWUvImNsb3VkdXNlciIvLmJhc2hfcHJvZmlsZQplY2hvIGV4cG9ydCBBUk1fU1VCU0NSSVBUSU9OX0lEPVwiNmE0NzU2MWQtOWZlMS00MTRlLTg1YjctOTljZDJjZTBjZTQ2XCIgPj4gL2hvbWUvImNsb3VkdXNlciIvLmJhc2hfcHJvZmlsZQplY2hvIGV4cG9ydCBBUk1fVEVOQU5UX0lEPVwiNTliMjg2NWEtN2ZiOC00Y2NiLWFiNjgtNzJjYmNhODhmYzQ4XCIgPj4gL2hvbWUvImNsb3VkdXNlciIvLmJhc2hfcHJvZmlsZQpzb3VyY2UgL2hvbWUvImNsb3VkdXNlciIvLmJhc2hfcHJvZmlsZQpzdWRvIGNwIHByb3ZpZGVyLnRmICAvaG9tZS8iY2xvdWR1c2VyIgpzdWRvIGFwdCBpbnN0YWxsIHVuemlwCnN1ZG8gd2dldCBodHRwczovL3JlbGVhc2VzLmhhc2hpY29ycC5jb20vdGVycmFmb3JtLzAuMTIuNy90ZXJyYWZvcm1fMC4xMi43X2xpbnV4X2FtZDY0LnppcAp1bnppcCB0ZXJyYWZvcm1fMC4xMi43X2xpbnV4X2FtZDY0LnppcApzdWRvIG12IHRlcnJhZm9ybSAvdXNyL2xvY2FsL2Jpbi8KI2NwIHByb3ZpZGVyLnRmICAvaG9tZS8iY2xvdWR1c2VyIiAjCg==",
                            "os_profile_linux_config.#": "1",
                            "os_profile_linux_config.2972667452.disable_password_authentication": "false",
                            "os_profile_linux_config.2972667452.ssh_keys.#": "0",
                            "os_profile_secrets.#": "0",
                            "overprovision": "true",
                            "priority": "",
                            "resource_group_name": "paidGroup1",
                            "single_placement_group": "true",
                            "sku.#": "1",
                            "sku.0.capacity": "2",
                            "sku.0.name": "Standard_B1ms",
                            "sku.0.tier": "Standard",
                            "storage_profile_data_disk.#": "1",
                            "storage_profile_data_disk.0.caching": "ReadWrite",
                            "storage_profile_data_disk.0.create_option": "Empty",
                            "storage_profile_data_disk.0.disk_size_gb": "10",
                            "storage_profile_data_disk.0.lun": "0",
                            "storage_profile_data_disk.0.managed_disk_type": "Standard_LRS",
                            "storage_profile_image_reference.#": "1",
                            "storage_profile_image_reference.4248655398.id": "",
                            "storage_profile_image_reference.4248655398.offer": "UbuntuServer",
                            "storage_profile_image_reference.4248655398.publisher": "Canonical",
                            "storage_profile_image_reference.4248655398.sku": "16.04-LTS",
                            "storage_profile_image_reference.4248655398.version": "latest",
                            "storage_profile_os_disk.#": "1",
                            "storage_profile_os_disk.1497306818.caching": "ReadWrite",
                            "storage_profile_os_disk.1497306818.create_option": "FromImage",
                            "storage_profile_os_disk.1497306818.image": "",
                            "storage_profile_os_disk.1497306818.managed_disk_type": "Standard_LRS",
                            "storage_profile_os_disk.1497306818.name": "",
                            "storage_profile_os_disk.1497306818.os_type": "",
                            "storage_profile_os_disk.1497306818.vhd_containers.#": "0",
                            "tags.%": "1",
                            "tags.environment": "codelab",
                            "upgrade_policy_mode": "Manual",
                            "zones.#": "0"
                        },
                        "meta": {
                            "schema_version": "1"
                        },
                        "tainted": false
                    },
                    "deposed": [],
                    "provider": "provider.azurerm"
                },
                "azurerm_virtual_network.vmss": {
                    "type": "azurerm_virtual_network",
                    "depends_on": [
                        "azurerm_resource_group.vmss"
                    ],
                    "primary": {
                        "id": "/subscriptions/01b14a6a-401e-4a96-87d7-76265c489bd3/resourceGroups/paidGroup1/providers/Microsoft.Network/virtualNetworks/vmss-vnet",
                        "attributes": {
                            "address_space.#": "1",
                            "address_space.0": "10.2.0.0/20",
                            "ddos_protection_plan.#": "0",
                            "dns_servers.#": "0",
                            "id": "/subscriptions/01b14a6a-401e-4a96-87d7-76265c489bd3/resourceGroups/paidGroup1/providers/Microsoft.Network/virtualNetworks/vmss-vnet",
                            "location": "eastus",
                            "name": "vmss-vnet",
                            "resource_group_name": "paidGroup1",
                            "subnet.#": "0",
                            "tags.%": "1",
                            "tags.environment": "codelab"
                        },
                        "meta": {},
                        "tainted": false
                    },
                    "deposed": [],
                    "provider": "provider.azurerm"
                },
                "random_string.fqdn": {
                    "type": "random_string",
                    "depends_on": [],
                    "primary": {
                        "id": "gqjxbu",
                        "attributes": {
                            "id": "gqjxbu",
                            "length": "6",
                            "lower": "true",
                            "min_lower": "0",
                            "min_numeric": "0",
                            "min_special": "0",
                            "min_upper": "0",
                            "number": "false",
                            "result": "gqjxbu",
                            "special": "false",
                            "upper": "false"
                        },
                        "meta": {
                            "schema_version": "1"
                        },
                        "tainted": false
                    },
                    "deposed": [],
                    "provider": "provider.random"
                }
            },
            "depends_on": []
        }
    ]
}
